{
  "projects": [
    {
      "projectId": "oM7mEe9Xo1g12sHvYsN6tA",
      "version": "latest",
      "dependencies": {},
      "lang": "js",
      "fileLocks": [
        {
          "type": "globalVariant",
          "assetId": "prERNvlf5RTD",
          "checksum": "0c917848496f5c6675e71185b687388d"
        },
        {
          "assetId": "oM7mEe9Xo1g12sHvYsN6tA",
          "type": "projectCss",
          "checksum": "017b5df446ef7622acc33193b9cc73e3"
        },
        {
          "type": "renderModule",
          "assetId": "vH_5Lyj9Xrc4",
          "checksum": "243aadc875cd3c97b1a0addd22321fd2"
        },
        {
          "type": "cssRules",
          "assetId": "vH_5Lyj9Xrc4",
          "checksum": "243aadc875cd3c97b1a0addd22321fd2"
        },
        {
          "type": "icon",
          "assetId": "NCiNMwXSfKC",
          "checksum": "0adf4f66c17ebc5ade3e5307895b8b3c"
        },
        {
          "type": "icon",
          "assetId": "Nkhn6UHRGMz",
          "checksum": "3c4b548c6f2ffc476b7a83bde76ad9c1"
        },
        {
          "type": "icon",
          "assetId": "gXiU-v5ixyo",
          "checksum": "c564eddd7e0bec552c29f041e4606e7c"
        },
        {
          "type": "icon",
          "assetId": "SO6jlrykNxP",
          "checksum": "0cb5a822fa625263dd45d3b7becb4e77"
        },
        {
          "type": "icon",
          "assetId": "UaE4dySt3NJ",
          "checksum": "946ca14d6f2ec6d70b9dc26dfe1720f6"
        },
        {
          "type": "icon",
          "assetId": "m7wvng5A-U6",
          "checksum": "bfcb92a85ceade2a323f1ad6ccc8a6c2"
        },
        {
          "type": "icon",
          "assetId": "YEpZn5nU5",
          "checksum": "9b2a0def528265d4426c6990c32fe537"
        },
        {
          "type": "icon",
          "assetId": "VT4146Rjck",
          "checksum": "e72f741cdb55f95402387744e871f971"
        },
        {
          "type": "icon",
          "assetId": "dpIG4F6oa-",
          "checksum": "35042a229f7d89b28d714d0801edefab"
        },
        {
          "type": "icon",
          "assetId": "I51bxJL16DN",
          "checksum": "5c135be2f8fda30049a86bedb364ae24"
        },
        {
          "type": "icon",
          "assetId": "1EUf_Lzadc6",
          "checksum": "16be7bcfc604a182f41df712f3a1c7b1"
        },
        {
          "type": "icon",
          "assetId": "ryoOpZihw2_",
          "checksum": "7663eadbb842ba345971be0c4ab60026"
        },
        {
          "type": "icon",
          "assetId": "1QFkdwxjPQO",
          "checksum": "3713e6c33c62672164a478231b0367a9"
        },
        {
          "type": "icon",
          "assetId": "TOwgz9954Fj",
          "checksum": "11f7506d49ff474d83016925bacd0d63"
        },
        {
          "type": "icon",
          "assetId": "eSkPnbMyuNT",
          "checksum": "66cc99aab433771259c038e0c8774dd3"
        },
        {
          "type": "icon",
          "assetId": "Cmzzw8Ce3L4",
          "checksum": "530c73dac0fc061d1e315d12cdf38a9e"
        },
        {
          "type": "icon",
          "assetId": "d0mdRLf_3Gu",
          "checksum": "c6d8b750dad9c4c12590642aa73cab9a"
        },
        {
          "type": "icon",
          "assetId": "8bOmfC0duz0",
          "checksum": "3d9752d683e2971857a9ec2c4eb464fa"
        },
        {
          "type": "icon",
          "assetId": "GI4VPNZGHD1",
          "checksum": "dc8e93a5d53cb11844880c355ee57e85"
        },
        {
          "type": "icon",
          "assetId": "bK58OKgWLXE",
          "checksum": "e41b287760a4b74b07b30cf3f3a9f8bc"
        },
        {
          "type": "icon",
          "assetId": "jHQkLZvsQyu",
          "checksum": "7104c5fcf13dcf2421db87489d883824"
        },
        {
          "type": "icon",
          "assetId": "xI9gvpRFHcs",
          "checksum": "6908cdccc2f572d423d2f8e644555336"
        },
        {
          "type": "icon",
          "assetId": "IqfxaSRDTo8",
          "checksum": "80d2fde89dcdf78869b3f1f5f4accbd4"
        },
        {
          "type": "icon",
          "assetId": "LgJgIHvoCVc",
          "checksum": "797c8ee352ba7d402f1fb97c6a945374"
        },
        {
          "type": "icon",
          "assetId": "A91Z1ASCSAY",
          "checksum": "d30ddf15d6b29251e952c5c0be81db3e"
        },
        {
          "type": "icon",
          "assetId": "io3BtzfqsAD",
          "checksum": "d74b0e1e8fc981281238edcf03d1a5c0"
        },
        {
          "type": "icon",
          "assetId": "WPLBF3csAbK",
          "checksum": "326e2121c178fc327d5e5bdc584454c5"
        },
        {
          "type": "icon",
          "assetId": "5rCKl1UC1wE",
          "checksum": "8987731f0b0aecd1fe258dad2e4157ff"
        },
        {
          "type": "icon",
          "assetId": "bl_25OmdUOG",
          "checksum": "053d2c105920a1631e9a39fa2f0fbf46"
        },
        {
          "type": "icon",
          "assetId": "5eLipIN7s_Gb",
          "checksum": "dd6e6cbed446e8fc3182a9bf4fc993a0"
        },
        {
          "type": "image",
          "assetId": "EgSjfvauM",
          "checksum": "4ecf7ab88a7ba56a60829df1d8bfe7bc"
        },
        {
          "type": "image",
          "assetId": "Ny1bY8tmfg",
          "checksum": "440674cfdc23668e99412b2e094a3042"
        },
        {
          "type": "image",
          "assetId": "wVCWlSTTcL",
          "checksum": "aba6a8da7d18ca72cefd41a4485812fc"
        },
        {
          "type": "image",
          "assetId": "XBN8uL4KcM",
          "checksum": "351df6a94ec4082c8c4d997fc3b8181f"
        },
        {
          "type": "image",
          "assetId": "8hMIGFnQtAq",
          "checksum": "91675c3a0fcc5f12b3563ae6aca7259c"
        },
        {
          "type": "image",
          "assetId": "rMT5tYPX3Qn",
          "checksum": "b13aeab5c278a800f8fd38b637af554b"
        },
        {
          "type": "image",
          "assetId": "Zlb9pxBcFVV",
          "checksum": "9c931779a7e28cb6b9549fab73c511cd"
        },
        {
          "type": "image",
          "assetId": "Nhxh-iZG8Ag",
          "checksum": "7d36cf2c0cd648a1bba22f215ec200d7"
        },
        {
          "type": "image",
          "assetId": "C7sKDpmRAtB",
          "checksum": "dcbe3ef68688ade1e6a25890f9887185"
        },
        {
          "type": "image",
          "assetId": "CcQhsLhX7WE",
          "checksum": "00382292715e712b6fbb152d6ee00d2c"
        },
        {
          "type": "image",
          "assetId": "zhi2qLIEGO-",
          "checksum": "24d916c65e6497046641b9cfa275fe10"
        },
        {
          "type": "image",
          "assetId": "moVh_8sAjJ7",
          "checksum": "e681ca4b1c0665ed753fdf916d05e504"
        },
        {
          "type": "image",
          "assetId": "sKbL9HjWgFj",
          "checksum": "8cb8d18a04a53f3630deaf0ff318cbe0"
        },
        {
          "type": "image",
          "assetId": "-ksXrwg3LkD",
          "checksum": "3734524e95547a6aa28e5ad9becc838f"
        },
        {
          "type": "image",
          "assetId": "7EZaD7B60V1",
          "checksum": "0cf8fe39e96544258047a4c74295f1b5"
        },
        {
          "type": "image",
          "assetId": "STFtyct5zTj",
          "checksum": "40aea2abcb34366619eaddcbc2fbb880"
        },
        {
          "type": "image",
          "assetId": "lP5q7YPxXPP",
          "checksum": "6b95ff1b847466dab30c913f2c8aea19"
        },
        {
          "type": "image",
          "assetId": "18IYceGDRzl",
          "checksum": "e8207ed063d36e18c33e733e7cfb6d04"
        },
        {
          "type": "image",
          "assetId": "55yZ41PX8_x",
          "checksum": "b49bee8516e9d7c78b9035205a9802f7"
        },
        {
          "type": "image",
          "assetId": "5WiVzvuFV2P",
          "checksum": "36265fa8175837e52607214c5985f361"
        },
        {
          "type": "image",
          "assetId": "Jxo5zsv9ZYAA",
          "checksum": "c754f99b63d947a95e1b2202c2d5f77e"
        },
        {
          "type": "image",
          "assetId": "wKe0q_0uh",
          "checksum": "7ac3c1e3ddec8a11d40c73c4cf939008"
        }
      ]
    }
  ],
  "cliVersion": "0.1.157"
}
